
Microsoft Visual Studio Solution File, Format Version 12.00
# Visual Studio Version 17
VisualStudioVersion = 17.1.32210.238
MinimumVisualStudioVersion = 10.0.40219.1
Project("{FAE04EC0-301F-11D3-BF4B-00C04F79EFBC}") = "TSystem_ExceptionHandling", "TSystem_ExceptionHandling.csproj", "{DB7AF85A-9017-44A9-9649-6122E789F860}"
EndProject
Global
	GlobalSection(SolutionConfigurationPlatforms) = preSolution
		Debug|Any CPU = Debug|Any CPU
		Release|Any CPU = Release|Any CPU
	EndGlobalSection
	GlobalSection(ProjectConfigurationPlatforms) = postSolution
		{DB7AF85A-9017-44A9-9649-6122E789F860}.Debug|Any CPU.ActiveCfg = Debug|Any CPU
		{DB7AF85A-9017-44A9-9649-6122E789F860}.Debug|Any CPU.Build.0 = Debug|Any CPU
		{DB7AF85A-9017-44A9-9649-6122E789F860}.Release|Any CPU.ActiveCfg = Release|Any CPU
		{DB7AF85A-9017-44A9-9649-6122E789F860}.Release|Any CPU.Build.0 = Release|Any CPU
	EndGlobalSection
	GlobalSection(SolutionProperties) = preSolution
		HideSolutionNode = FALSE
	EndGlobalSection
	GlobalSection(ExtensibilityGlobals) = postSolution
		SolutionGuid = {F2EE4A74-132D-469B-ACA3-31676B774BC1}
	EndGlobalSection
EndGlobal
